// !$*UTF8*$!
{
	archiveVersion = 1;
	classes = {
	};
	objectVersion = 46;
	objects = {

/* Begin PBXBuildFile section */
		191FC1EE149407B100FB4F8E /* CCBitboard.h in Headers */ = {isa = PBXBuildFile; fileRef = 191FC1E5149407B100FB4F8E /* CCBitboard.h */; };
		191FC1EF149407B100FB4F8E /* CCBitboard.m in Sources */ = {isa = PBXBuildFile; fileRef = 191FC1E6149407B100FB4F8E /* CCBitboard.m */; };
		191FC1F0149407B100FB4F8E /* CCBoard.h in Headers */ = {isa = PBXBuildFile; fileRef = 191FC1E7149407B100FB4F8E /* CCBoard.h */; };
		191FC1F1149407B100FB4F8E /* CCBoard.m in Sources */ = {isa = PBXBuildFile; fileRef = 191FC1E8149407B100FB4F8E /* CCBoard.m */; };
		191FC1F2149407B100FB4F8E /* CCCastlingRights.h in Headers */ = {isa = PBXBuildFile; fileRef = 191FC1E9149407B100FB4F8E /* CCCastlingRights.h */; };
		191FC1F3149407B100FB4F8E /* CCPiece.h in Headers */ = {isa = PBXBuildFile; fileRef = 191FC1EA149407B100FB4F8E /* CCPiece.h */; };
		191FC1F4149407B100FB4F8E /* CCPiece.m in Sources */ = {isa = PBXBuildFile; fileRef = 191FC1EB149407B100FB4F8E /* CCPiece.m */; };
		191FC1F5149407B100FB4F8E /* CCSquare.h in Headers */ = {isa = PBXBuildFile; fileRef = 191FC1EC149407B100FB4F8E /* CCSquare.h */; };
		191FC1F6149407B100FB4F8E /* CCSquare.m in Sources */ = {isa = PBXBuildFile; fileRef = 191FC1ED149407B100FB4F8E /* CCSquare.m */; };
		19F27747146DAA7200B58AB1 /* Foundation.framework in Frameworks */ = {isa = PBXBuildFile; fileRef = 19F27746146DAA7200B58AB1 /* Foundation.framework */; };
		19F27755146DAA7200B58AB1 /* SenTestingKit.framework in Frameworks */ = {isa = PBXBuildFile; fileRef = 19F27754146DAA7200B58AB1 /* SenTestingKit.framework */; };
		19F27757146DAA7200B58AB1 /* UIKit.framework in Frameworks */ = {isa = PBXBuildFile; fileRef = 19F27756146DAA7200B58AB1 /* UIKit.framework */; };
		19F27758146DAA7200B58AB1 /* Foundation.framework in Frameworks */ = {isa = PBXBuildFile; fileRef = 19F27746146DAA7200B58AB1 /* Foundation.framework */; };
		19F2775B146DAA7200B58AB1 /* libCoreChess.a in Frameworks */ = {isa = PBXBuildFile; fileRef = 19F27743146DAA7200B58AB1 /* libCoreChess.a */; };
		19F27761146DAA7200B58AB1 /* InfoPlist.strings in Resources */ = {isa = PBXBuildFile; fileRef = 19F2775F146DAA7200B58AB1 /* InfoPlist.strings */; };
		19F27764146DAA7200B58AB1 /* CoreChessTests.m in Sources */ = {isa = PBXBuildFile; fileRef = 19F27763146DAA7200B58AB1 /* CoreChessTests.m */; };
/* End PBXBuildFile section */

/* Begin PBXContainerItemProxy section */
		19F27759146DAA7200B58AB1 /* PBXContainerItemProxy */ = {
			isa = PBXContainerItemProxy;
			containerPortal = 19F2773A146DAA7100B58AB1 /* Project object */;
			proxyType = 1;
			remoteGlobalIDString = 19F27742146DAA7200B58AB1;
			remoteInfo = CoreChess;
		};
/* End PBXContainerItemProxy section */

/* Begin PBXFileReference section */
		191FC1E5149407B100FB4F8E /* CCBitboard.h */ = {isa = PBXFileReference; fileEncoding = 4; lastKnownFileType = sourcecode.c.h; path = CCBitboard.h; sourceTree = "<group>"; };
		191FC1E6149407B100FB4F8E /* CCBitboard.m */ = {isa = PBXFileReference; fileEncoding = 4; lastKnownFileType = sourcecode.c.objc; path = CCBitboard.m; sourceTree = "<group>"; };
		191FC1E7149407B100FB4F8E /* CCBoard.h */ = {isa = PBXFileReference; fileEncoding = 4; lastKnownFileType = sourcecode.c.h; path = CCBoard.h; sourceTree = "<group>"; };
		191FC1E8149407B100FB4F8E /* CCBoard.m */ = {isa = PBXFileReference; fileEncoding = 4; lastKnownFileType = sourcecode.c.objc; path = CCBoard.m; sourceTree = "<group>"; };
		191FC1E9149407B100FB4F8E /* CCCastlingRights.h */ = {isa = PBXFileReference; fileEncoding = 4; lastKnownFileType = sourcecode.c.h; path = CCCastlingRights.h; sourceTree = "<group>"; };
		191FC1EA149407B100FB4F8E /* CCPiece.h */ = {isa = PBXFileReference; fileEncoding = 4; lastKnownFileType = sourcecode.c.h; path = CCPiece.h; sourceTree = "<group>"; };
		191FC1EB149407B100FB4F8E /* CCPiece.m */ = {isa = PBXFileReference; fileEncoding = 4; lastKnownFileType = sourcecode.c.objc; path = CCPiece.m; sourceTree = "<group>"; };
		191FC1EC149407B100FB4F8E /* CCSquare.h */ = {isa = PBXFileReference; fileEncoding = 4; lastKnownFileType = sourcecode.c.h; path = CCSquare.h; sourceTree = "<group>"; };
		191FC1ED149407B100FB4F8E /* CCSquare.m */ = {isa = PBXFileReference; fileEncoding = 4; lastKnownFileType = sourcecode.c.objc; path = CCSquare.m; sourceTree = "<group>"; };
		19F27743146DAA7200B58AB1 /* libCoreChess.a */ = {isa = PBXFileReference; explicitFileType = archive.ar; includeInIndex = 0; path = libCoreChess.a; sourceTree = BUILT_PRODUCTS_DIR; };
		19F27746146DAA7200B58AB1 /* Foundation.framework */ = {isa = PBXFileReference; lastKnownFileType = wrapper.framework; name = Foundation.framework; path = System/Library/Frameworks/Foundation.framework; sourceTree = SDKROOT; };
		19F2774A146DAA7200B58AB1 /* CoreChess-Prefix.pch */ = {isa = PBXFileReference; lastKnownFileType = sourcecode.c.h; path = "CoreChess-Prefix.pch"; sourceTree = "<group>"; };
		19F2774B146DAA7200B58AB1 /* CoreChess.h */ = {isa = PBXFileReference; lastKnownFileType = sourcecode.c.h; path = CoreChess.h; sourceTree = "<group>"; };
		19F27753146DAA7200B58AB1 /* CoreChessTests.octest */ = {isa = PBXFileReference; explicitFileType = wrapper.cfbundle; includeInIndex = 0; path = CoreChessTests.octest; sourceTree = BUILT_PRODUCTS_DIR; };
		19F27754146DAA7200B58AB1 /* SenTestingKit.framework */ = {isa = PBXFileReference; lastKnownFileType = wrapper.framework; name = SenTestingKit.framework; path = Library/Frameworks/SenTestingKit.framework; sourceTree = DEVELOPER_DIR; };
		19F27756146DAA7200B58AB1 /* UIKit.framework */ = {isa = PBXFileReference; lastKnownFileType = wrapper.framework; name = UIKit.framework; path = Library/Frameworks/UIKit.framework; sourceTree = DEVELOPER_DIR; };
		19F2775E146DAA7200B58AB1 /* CoreChessTests-Info.plist */ = {isa = PBXFileReference; lastKnownFileType = text.plist.xml; path = "CoreChessTests-Info.plist"; sourceTree = "<group>"; };
		19F27760146DAA7200B58AB1 /* en */ = {isa = PBXFileReference; lastKnownFileType = text.plist.strings; name = en; path = en.lproj/InfoPlist.strings; sourceTree = "<group>"; };
		19F27762146DAA7200B58AB1 /* CoreChessTests.h */ = {isa = PBXFileReference; lastKnownFileType = sourcecode.c.h; path = CoreChessTests.h; sourceTree = "<group>"; };
		19F27763146DAA7200B58AB1 /* CoreChessTests.m */ = {isa = PBXFileReference; lastKnownFileType = sourcecode.c.objc; path = CoreChessTests.m; sourceTree = "<group>"; };
/* End PBXFileReference section */

/* Begin PBXFrameworksBuildPhase section */
		19F27740146DAA7200B58AB1 /* Frameworks */ = {
			isa = PBXFrameworksBuildPhase;
			buildActionMask = 2147483647;
			files = (
				19F27747146DAA7200B58AB1 /* Foundation.framework in Frameworks */,
			);
			runOnlyForDeploymentPostprocessing = 0;
		};
		19F2774F146DAA7200B58AB1 /* Frameworks */ = {
			isa = PBXFrameworksBuildPhase;
			buildActionMask = 2147483647;
			files = (
				19F27755146DAA7200B58AB1 /* SenTestingKit.framework in Frameworks */,
				19F27757146DAA7200B58AB1 /* UIKit.framework in Frameworks */,
				19F27758146DAA7200B58AB1 /* Foundation.framework in Frameworks */,
				19F2775B146DAA7200B58AB1 /* libCoreChess.a in Frameworks */,
			);
			runOnlyForDeploymentPostprocessing = 0;
		};
/* End PBXFrameworksBuildPhase section */

/* Begin PBXGroup section */
		191FC1E4149407B100FB4F8E /* CoreChess */ = {
			isa = PBXGroup;
			children = (
				191FC1E5149407B100FB4F8E /* CCBitboard.h */,
				191FC1E6149407B100FB4F8E /* CCBitboard.m */,
				191FC1E7149407B100FB4F8E /* CCBoard.h */,
				191FC1E8149407B100FB4F8E /* CCBoard.m */,
				191FC1E9149407B100FB4F8E /* CCCastlingRights.h */,
				191FC1EA149407B100FB4F8E /* CCPiece.h */,
				191FC1EB149407B100FB4F8E /* CCPiece.m */,
				191FC1EC149407B100FB4F8E /* CCSquare.h */,
				191FC1ED149407B100FB4F8E /* CCSquare.m */,
			);
			path = CoreChess;
			sourceTree = "<group>";
		};
		19F27738146DAA7100B58AB1 = {
			isa = PBXGroup;
			children = (
				19F27748146DAA7200B58AB1 /* CoreChess */,
				19F2775C146DAA7200B58AB1 /* CoreChessTests */,
				19F27745146DAA7200B58AB1 /* Frameworks */,
				19F27744146DAA7200B58AB1 /* Products */,
			);
			sourceTree = "<group>";
		};
		19F27744146DAA7200B58AB1 /* Products */ = {
			isa = PBXGroup;
			children = (
				19F27743146DAA7200B58AB1 /* libCoreChess.a */,
				19F27753146DAA7200B58AB1 /* CoreChessTests.octest */,
			);
			name = Products;
			sourceTree = "<group>";
		};
		19F27745146DAA7200B58AB1 /* Frameworks */ = {
			isa = PBXGroup;
			children = (
				19F27746146DAA7200B58AB1 /* Foundation.framework */,
				19F27754146DAA7200B58AB1 /* SenTestingKit.framework */,
				19F27756146DAA7200B58AB1 /* UIKit.framework */,
			);
			name = Frameworks;
			sourceTree = "<group>";
		};
		19F27748146DAA7200B58AB1 /* CoreChess */ = {
			isa = PBXGroup;
			children = (
				191FC1E4149407B100FB4F8E /* CoreChess */,
				19F2774B146DAA7200B58AB1 /* CoreChess.h */,
				19F27749146DAA7200B58AB1 /* Supporting Files */,
			);
			path = CoreChess;
			sourceTree = "<group>";
		};
		19F27749146DAA7200B58AB1 /* Supporting Files */ = {
			isa = PBXGroup;
			children = (
				19F2774A146DAA7200B58AB1 /* CoreChess-Prefix.pch */,
			);
			name = "Supporting Files";
			sourceTree = "<group>";
		};
		19F2775C146DAA7200B58AB1 /* CoreChessTests */ = {
			isa = PBXGroup;
			children = (
				19F27762146DAA7200B58AB1 /* CoreChessTests.h */,
				19F27763146DAA7200B58AB1 /* CoreChessTests.m */,
				19F2775D146DAA7200B58AB1 /* Supporting Files */,
			);
			path = CoreChessTests;
			sourceTree = "<group>";
		};
		19F2775D146DAA7200B58AB1 /* Supporting Files */ = {
			isa = PBXGroup;
			children = (
				19F2775E146DAA7200B58AB1 /* CoreChessTests-Info.plist */,
				19F2775F146DAA7200B58AB1 /* InfoPlist.strings */,
			);
			name = "Supporting Files";
			sourceTree = "<group>";
		};
/* End PBXGroup section */

/* Begin PBXHeadersBuildPhase section */
		19F27741146DAA7200B58AB1 /* Headers */ = {
			isa = PBXHeadersBuildPhase;
			buildActionMask = 2147483647;
			files = (
				191FC1EE149407B100FB4F8E /* CCBitboard.h in Headers */,
				191FC1F0149407B100FB4F8E /* CCBoard.h in Headers */,
				191FC1F2149407B100FB4F8E /* CCCastlingRights.h in Headers */,
				191FC1F3149407B100FB4F8E /* CCPiece.h in Headers */,
				191FC1F5149407B100FB4F8E /* CCSquare.h in Headers */,
			);
			runOnlyForDeploymentPostprocessing = 0;
		};
/* End PBXHeadersBuildPhase section */

/* Begin PBXNativeTarget section */
		19F27742146DAA7200B58AB1 /* CoreChess */ = {
			isa = PBXNativeTarget;
			buildConfigurationList = 19F27767146DAA7200B58AB1 /* Build configuration list for PBXNativeTarget "CoreChess" */;
			buildPhases = (
				19F2773F146DAA7200B58AB1 /* Sources */,
				19F27740146DAA7200B58AB1 /* Frameworks */,
				19F27741146DAA7200B58AB1 /* Headers */,
			);
			buildRules = (
			);
			dependencies = (
			);
			name = CoreChess;
			productName = CoreChess;
			productReference = 19F27743146DAA7200B58AB1 /* libCoreChess.a */;
			productType = "com.apple.product-type.library.static";
		};
		19F27752146DAA7200B58AB1 /* CoreChessTests */ = {
			isa = PBXNativeTarget;
			buildConfigurationList = 19F2776A146DAA7200B58AB1 /* Build configuration list for PBXNativeTarget "CoreChessTests" */;
			buildPhases = (
				19F2774E146DAA7200B58AB1 /* Sources */,
				19F2774F146DAA7200B58AB1 /* Frameworks */,
				19F27750146DAA7200B58AB1 /* Resources */,
				19F27751146DAA7200B58AB1 /* ShellScript */,
			);
			buildRules = (
			);
			dependencies = (
				19F2775A146DAA7200B58AB1 /* PBXTargetDependency */,
			);
			name = CoreChessTests;
			productName = CoreChessTests;
			productReference = 19F27753146DAA7200B58AB1 /* CoreChessTests.octest */;
			productType = "com.apple.product-type.bundle";
		};
/* End PBXNativeTarget section */

/* Begin PBXProject section */
		19F2773A146DAA7100B58AB1 /* Project object */ = {
			isa = PBXProject;
			attributes = {
				LastUpgradeCheck = 0420;
				ORGANIZATIONNAME = "Austen Green Consulting";
			};
			buildConfigurationList = 19F2773D146DAA7100B58AB1 /* Build configuration list for PBXProject "CoreChess" */;
			compatibilityVersion = "Xcode 3.2";
			developmentRegion = English;
			hasScannedForEncodings = 0;
			knownRegions = (
				en,
			);
			mainGroup = 19F27738146DAA7100B58AB1;
			productRefGroup = 19F27744146DAA7200B58AB1 /* Products */;
			projectDirPath = "";
			projectRoot = "";
			targets = (
				19F27742146DAA7200B58AB1 /* CoreChess */,
				19F27752146DAA7200B58AB1 /* CoreChessTests */,
			);
		};
/* End PBXProject section */

/* Begin PBXResourcesBuildPhase section */
		19F27750146DAA7200B58AB1 /* Resources */ = {
			isa = PBXResourcesBuildPhase;
			buildActionMask = 2147483647;
			files = (
				19F27761146DAA7200B58AB1 /* InfoPlist.strings in Resources */,
			);
			runOnlyForDeploymentPostprocessing = 0;
		};
/* End PBXResourcesBuildPhase section */

/* Begin PBXShellScriptBuildPhase section */
		19F27751146DAA7200B58AB1 /* ShellScript */ = {
			isa = PBXShellScriptBuildPhase;
			buildActionMask = 2147483647;
			files = (
			);
			inputPaths = (
			);
			outputPaths = (
			);
			runOnlyForDeploymentPostprocessing = 0;
			shellPath = /bin/sh;
			shellScript = "# Run the unit tests in this test bundle.\n\"${SYSTEM_DEVELOPER_DIR}/Tools/RunUnitTests\"\n";
		};
/* End PBXShellScriptBuildPhase section */

/* Begin PBXSourcesBuildPhase section */
		19F2773F146DAA7200B58AB1 /* Sources */ = {
			isa = PBXSourcesBuildPhase;
			buildActionMask = 2147483647;
			files = (
				191FC1EF149407B100FB4F8E /* CCBitboard.m in Sources */,
				191FC1F1149407B100FB4F8E /* CCBoard.m in Sources */,
				191FC1F4149407B100FB4F8E /* CCPiece.m in Sources */,
				191FC1F6149407B100FB4F8E /* CCSquare.m in Sources */,
			);
			runOnlyForDeploymentPostprocessing = 0;
		};
		19F2774E146DAA7200B58AB1 /* Sources */ = {
			isa = PBXSourcesBuildPhase;
			buildActionMask = 2147483647;
			files = (
				19F27764146DAA7200B58AB1 /* CoreChessTests.m in Sources */,
			);
			runOnlyForDeploymentPostprocessing = 0;
		};
/* End PBXSourcesBuildPhase section */

/* Begin PBXTargetDependency section */
		19F2775A146DAA7200B58AB1 /* PBXTargetDependency */ = {
			isa = PBXTargetDependency;
			target = 19F27742146DAA7200B58AB1 /* CoreChess */;
			targetProxy = 19F27759146DAA7200B58AB1 /* PBXContainerItemProxy */;
		};
/* End PBXTargetDependency section */

/* Begin PBXVariantGroup section */
		19F2775F146DAA7200B58AB1 /* InfoPlist.strings */ = {
			isa = PBXVariantGroup;
			children = (
				19F27760146DAA7200B58AB1 /* en */,
			);
			name = InfoPlist.strings;
			sourceTree = "<group>";
		};
/* End PBXVariantGroup section */

/* Begin XCBuildConfiguration section */
		19F27765146DAA7200B58AB1 /* Debug */ = {
			isa = XCBuildConfiguration;
			buildSettings = {
				ALWAYS_SEARCH_USER_PATHS = NO;
				ARCHS = "$(ARCHS_STANDARD_32_BIT)";
				CLANG_ENABLE_OBJC_ARC = YES;
				COPY_PHASE_STRIP = NO;
				GCC_C_LANGUAGE_STANDARD = gnu99;
				GCC_DYNAMIC_NO_PIC = NO;
				GCC_OPTIMIZATION_LEVEL = 0;
				GCC_PREPROCESSOR_DEFINITIONS = (
					"DEBUG=1",
					"$(inherited)",
				);
				GCC_SYMBOLS_PRIVATE_EXTERN = NO;
				GCC_VERSION = com.apple.compilers.llvm.clang.1_0;
				GCC_WARN_ABOUT_MISSING_PROTOTYPES = YES;
				GCC_WARN_ABOUT_RETURN_TYPE = YES;
				GCC_WARN_UNUSED_VARIABLE = YES;
				IPHONEOS_DEPLOYMENT_TARGET = 5.0;
				SDKROOT = iphoneos;
			};
			name = Debug;
		};
		19F27766146DAA7200B58AB1 /* Release */ = {
			isa = XCBuildConfiguration;
			buildSettings = {
				ALWAYS_SEARCH_USER_PATHS = NO;
				ARCHS = "$(ARCHS_STANDARD_32_BIT)";
				CLANG_ENABLE_OBJC_ARC = YES;
				COPY_PHASE_STRIP = YES;
				GCC_C_LANGUAGE_STANDARD = gnu99;
				GCC_VERSION = com.apple.compilers.llvm.clang.1_0;
				GCC_WARN_ABOUT_MISSING_PROTOTYPES = YES;
				GCC_WARN_ABOUT_RETURN_TYPE = YES;
				GCC_WARN_UNUSED_VARIABLE = YES;
				IPHONEOS_DEPLOYMENT_TARGET = 5.0;
				SDKROOT = iphoneos;
				VALIDATE_PRODUCT = YES;
			};
			name = Release;
		};
		19F27768146DAA7200B58AB1 /* Debug */ = {
			isa = XCBuildConfiguration;
			buildSettings = {
				DSTROOT = /tmp/CoreChess.dst;
				GCC_PRECOMPILE_PREFIX_HEADER = YES;
				GCC_PREFIX_HEADER = "CoreChess/CoreChess-Prefix.pch";
				OTHER_LDFLAGS = "-ObjC";
				PRODUCT_NAME = "$(TARGET_NAME)";
				SKIP_INSTALL = YES;
			};
			name = Debug;
		};
		19F27769146DAA7200B58AB1 /* Release */ = {
			isa = XCBuildConfiguration;
			buildSettings = {
				DSTROOT = /tmp/CoreChess.dst;
				GCC_PRECOMPILE_PREFIX_HEADER = YES;
				GCC_PREFIX_HEADER = "CoreChess/CoreChess-Prefix.pch";
				OTHER_LDFLAGS = "-ObjC";
				PRODUCT_NAME = "$(TARGET_NAME)";
				SKIP_INSTALL = YES;
			};
			name = Release;
		};
		19F2776B146DAA7200B58AB1 /* Debug */ = {
			isa = XCBuildConfiguration;
			buildSettings = {
				FRAMEWORK_SEARCH_PATHS = (
					"$(SDKROOT)/Developer/Library/Frameworks",
					"$(DEVELOPER_LIBRARY_DIR)/Frameworks",
				);
				GCC_PRECOMPILE_PREFIX_HEADER = YES;
				GCC_PREFIX_HEADER = "CoreChess/CoreChess-Prefix.pch";
				INFOPLIST_FILE = "CoreChessTests/CoreChessTests-Info.plist";
				PRODUCT_NAME = "$(TARGET_NAME)";
				WRAPPER_EXTENSION = octest;
			};
			name = Debug;
		};
		19F2776C146DAA7200B58AB1 /* Release */ = {
			isa = XCBuildConfiguration;
			buildSettings = {
				FRAMEWORK_SEARCH_PATHS = (
					"$(SDKROOT)/Developer/Library/Frameworks",
					"$(DEVELOPER_LIBRARY_DIR)/Frameworks",
				);
				GCC_PRECOMPILE_PREFIX_HEADER = YES;
				GCC_PREFIX_HEADER = "CoreChess/CoreChess-Prefix.pch";
				INFOPLIST_FILE = "CoreChessTests/CoreChessTests-Info.plist";
				PRODUCT_NAME = "$(TARGET_NAME)";
				WRAPPER_EXTENSION = octest;
			};
			name = Release;
		};
/* End XCBuildConfiguration section */

/* Begin XCConfigurationList section */
		19F2773D146DAA7100B58AB1 /* Build configuration list for PBXProject "CoreChess" */ = {
			isa = XCConfigurationList;
			buildConfigurations = (
				19F27765146DAA7200B58AB1 /* Debug */,
				19F27766146DAA7200B58AB1 /* Release */,
			);
			defaultConfigurationIsVisible = 0;
			defaultConfigurationName = Release;
		};
		19F27767146DAA7200B58AB1 /* Build configuration list for PBXNativeTarget "CoreChess" */ = {
			isa = XCConfigurationList;
			buildConfigurations = (
				19F27768146DAA7200B58AB1 /* Debug */,
				19F27769146DAA7200B58AB1 /* Release */,
			);
			defaultConfigurationIsVisible = 0;
			defaultConfigurationName = Release;
		};
		19F2776A146DAA7200B58AB1 /* Build configuration list for PBXNativeTarget "CoreChessTests" */ = {
			isa = XCConfigurationList;
			buildConfigurations = (
				19F2776B146DAA7200B58AB1 /* Debug */,
				19F2776C146DAA7200B58AB1 /* Release */,
			);
			defaultConfigurationIsVisible = 0;
			defaultConfigurationName = Release;
		};
/* End XCConfigurationList section */
	};
	rootObject = 19F2773A146DAA7100B58AB1 /* Project object */;
}
